
Microsoft Visual Studio Solution File, Format Version 12.00
# Visual Studio 15
Project("{FAE04EC0-301F-11D3-BF4B-00C04F79EFBC}") = "Unity-Nethereum-Demo-Net461", "Assembly-CSharp.csproj", "{0ADEFC3B-E41A-1844-9F95-1CA08EA51120}"
EndProject
Global
	GlobalSection(SolutionConfigurationPlatforms) = preSolution
		Debug|Any CPU = Debug|Any CPU
		Release|Any CPU = Release|Any CPU
	EndGlobalSection
	GlobalSection(ProjectConfigurationPlatforms) = postSolution
		{0ADEFC3B-E41A-1844-9F95-1CA08EA51120}.Debug|Any CPU.ActiveCfg = Debug|Any CPU
		{0ADEFC3B-E41A-1844-9F95-1CA08EA51120}.Debug|Any CPU.Build.0 = Debug|Any CPU
		{0ADEFC3B-E41A-1844-9F95-1CA08EA51120}.Release|Any CPU.ActiveCfg = Release|Any CPU
		{0ADEFC3B-E41A-1844-9F95-1CA08EA51120}.Release|Any CPU.Build.0 = Release|Any CPU
	EndGlobalSection
	GlobalSection(SolutionProperties) = preSolution
		HideSolutionNode = FALSE
	EndGlobalSection
EndGlobal
